{
  "lockfileVersion": 1,
  "configVersion": 1,
  "workspaces": {
    "": {
      "dependencies": {
        "ngx-spinner": "^21.0.0",
      },
    },
  },
  "packages": {
    "@angular/animations": ["@angular/animations@21.1.0", "", { "dependencies": { "tslib": "^2.3.0" }, "peerDependencies": { "@angular/core": "21.1.0" } }, "sha512-RTpRdWhwz1PsMJC8NuuYIKCgMFP9EyxOrSaI0bpCLIGtXCfmvvHiU2FkBksV86MqYOf+wurKATb71QcfGrV3Hg=="],

    "@angular/common": ["@angular/common@21.1.0", "", { "dependencies": { "tslib": "^2.3.0" }, "peerDependencies": { "@angular/core": "21.1.0", "rxjs": "^6.5.3 || ^7.4.0" } }, "sha512-hL3Chp51TU9iBcIfkNtoBS1wuseP1gsyDW2IFtK5HUpAVhbso9B3fdCaDTFkU98A2unluo2YgzI6D/6IS6N+1g=="],

    "@angular/core": ["@angular/core@21.1.0", "", { "dependencies": { "tslib": "^2.3.0" }, "peerDependencies": { "@angular/compiler": "21.1.0", "rxjs": "^6.5.3 || ^7.4.0", "zone.js": "~0.15.0 || ~0.16.0" }, "optionalPeers": ["@angular/compiler", "zone.js"] }, "sha512-QTl9s8GYNN0pt1k3GE6UVlfe6zWtfdykhfchinKq2YJywQ6LBM4UcZgoc56YkgscmyrRFYrr4JYUJjlzTF57+A=="],

    "ngx-spinner": ["ngx-spinner@21.0.0", "", { "dependencies": { "tslib": "^2.3.0" }, "peerDependencies": { "@angular/animations": ">=20.0.0", "@angular/common": ">=20.0.0", "@angular/core": ">=20.0.0" } }, "sha512-fWwBt4A/q8PPYdotGB1ffgRfNzS/Yw/YyCUtgrtNoyiBiN074OUUSzrq9w4v73hvIv5sxwkdYiOKyyOoeE49Lw=="],

    "rxjs": ["rxjs@7.8.2", "", { "dependencies": { "tslib": "^2.1.0" } }, "sha512-dhKf903U/PQZY6boNNtAGdWbG85WAbjT/1xYoZIC7FAY0yWapOBQVsVrDl58W86//e1VpMNBtRV4MaXfdMySFA=="],

    "tslib": ["tslib@2.8.1", "", {}, "sha512-oJFu94HQb+KVduSUQL7wnpmqnfmLsOA/nAh6b6EH0wCEoK0/mPeXU6c3wKDV83MkOuHPRHtSXKKU99IBazS/2w=="],
  }
}
